
Microsoft Visual Studio Solution File, Format Version 12.00
# Visual Studio 15
VisualStudioVersion = 15.0.27004.2010
MinimumVisualStudioVersion = 10.0.40219.1
Project("{FAE04EC0-301F-11D3-BF4B-00C04F79EFBC}") = "CloudMVC", "CloudMVC\CloudMVC.csproj", "{C713B02C-143C-4255-B09B-F0244EC25ACB}"
EndProject
Global
	GlobalSection(SolutionConfigurationPlatforms) = preSolution
		Debug|Any CPU = Debug|Any CPU
		Release|Any CPU = Release|Any CPU
	EndGlobalSection
	GlobalSection(ProjectConfigurationPlatforms) = postSolution
		{C713B02C-143C-4255-B09B-F0244EC25ACB}.Debug|Any CPU.ActiveCfg = Debug|Any CPU
		{C713B02C-143C-4255-B09B-F0244EC25ACB}.Debug|Any CPU.Build.0 = Debug|Any CPU
		{C713B02C-143C-4255-B09B-F0244EC25ACB}.Release|Any CPU.ActiveCfg = Release|Any CPU
		{C713B02C-143C-4255-B09B-F0244EC25ACB}.Release|Any CPU.Build.0 = Release|Any CPU
	EndGlobalSection
	GlobalSection(SolutionProperties) = preSolution
		HideSolutionNode = FALSE
	EndGlobalSection
	GlobalSection(ExtensibilityGlobals) = postSolution
		SolutionGuid = {34AF5604-D00A-4927-96C9-A44A5A4B6508}
	EndGlobalSection
EndGlobal
